
Microsoft Visual Studio Solution File, Format Version 12.00
# Visual Studio 15
VisualStudioVersion = 15.0.28307.168
MinimumVisualStudioVersion = 10.0.40219.1
Project("{FAE04EC0-301F-11D3-BF4B-00C04F79EFBC}") = "C0732156-CSD3354-A5", "C0732156-CSD3354-A5\C0732156-CSD3354-A5.csproj", "{21780982-6DE1-4B0B-B29A-AA944DE1BA9A}"
EndProject
Global
	GlobalSection(SolutionConfigurationPlatforms) = preSolution
		Debug|Any CPU = Debug|Any CPU
		Release|Any CPU = Release|Any CPU
	EndGlobalSection
	GlobalSection(ProjectConfigurationPlatforms) = postSolution
		{21780982-6DE1-4B0B-B29A-AA944DE1BA9A}.Debug|Any CPU.ActiveCfg = Debug|Any CPU
		{21780982-6DE1-4B0B-B29A-AA944DE1BA9A}.Debug|Any CPU.Build.0 = Debug|Any CPU
		{21780982-6DE1-4B0B-B29A-AA944DE1BA9A}.Release|Any CPU.ActiveCfg = Release|Any CPU
		{21780982-6DE1-4B0B-B29A-AA944DE1BA9A}.Release|Any CPU.Build.0 = Release|Any CPU
	EndGlobalSection
	GlobalSection(SolutionProperties) = preSolution
		HideSolutionNode = FALSE
	EndGlobalSection
	GlobalSection(ExtensibilityGlobals) = postSolution
		SolutionGuid = {0025C772-61FB-4272-B7EB-B2C485D5245A}
	EndGlobalSection
EndGlobal
